# THIS IS AN AUTOGENERATED FILE. DO NOT EDIT THIS FILE DIRECTLY.
# yarn lockfile v1


"async-compat@^1.4.6", "async-compat@^1.4.7":
  "integrity" "sha512-DzJRBBF6Q+AJYuAnFXflE5P0FEkJ7oKMOOR4YhzMNZsDnXOSUdCpYt+PpbCGrljempC3hujxy48rHBcBAWdr7g=="
  "resolved" "https://registry.npmjs.org/async-compat/-/async-compat-1.4.7.tgz"
  "version" "1.4.7"
  dependencies:
    "is-error" "^2.2.2"
    "is-promise" "^4.0.0"

"buffer-v6-polyfill@^1.0.5":
  "integrity" "sha512-LdUw/JMZyKN+EBDbOHqynYtOLXDjgo+uf5vCUhfO5hVsU2chvbqyexizvxUMaU4ipYZy9MiQyIFwMeIgsb6nBA=="
  "resolved" "https://registry.npmjs.org/buffer-v6-polyfill/-/buffer-v6-polyfill-1.0.5.tgz"
  "version" "1.0.5"

"core-js@^3.24.1":
  "integrity" "sha512-GiZn9D4Z/rSYvTeg1ljAIsEqFm0LaN9gVtwDCrKL80zHtS31p9BAjmTxVqTQDMpwlMolJZOFntUG2uwyj7DAqw=="
  "resolved" "https://registry.npmjs.org/core-js/-/core-js-3.28.0.tgz"
  "version" "3.28.0"

"cross-spawn-cb@^0.6.14":
  "integrity" "sha512-27tHBafL7Wl0+nVOLCGh65bhOlOgHz4vY8fTCwnTHzGHO6eahLI14699Gplfo+g0f1sajXWZxM3ICafImy/rog=="
  "resolved" "https://registry.npmjs.org/cross-spawn-cb/-/cross-spawn-cb-0.6.14.tgz"
  "version" "0.6.14"
  dependencies:
    "buffer-v6-polyfill" "^1.0.5"
    "core-js" "^3.24.1"
    "cross-spawn" "^7.0.3"
    "function-exec-sync" "^0.2.9"
    "next-tick" "^1.1.0"
    "once" "^1.4.0"
    "semver" "^5.7.1"

"cross-spawn@^7.0.3":
  "integrity" "sha512-iRDPJKUPVEND7dHPO8rkbOnPpyDygcDFtWjpeWNCgy8WP2rXcxXL8TskReQl6OrB2G7+UJrags1q15Fudc7G6w=="
  "resolved" "https://registry.npmjs.org/cross-spawn/-/cross-spawn-7.0.3.tgz"
  "version" "7.0.3"
  dependencies:
    "path-key" "^3.1.0"
    "shebang-command" "^2.0.0"
    "which" "^2.0.1"

"each-package@^0.4.4":
  "integrity" "sha512-tVoruHxjtk08l/beGjt46ddAeeukayRYtNaCbtdwJt3e7vEBheWgR0VvVHupsaCxjKIDZmsvPcf88rv/uFCGeQ=="
  "resolved" "https://registry.npmjs.org/each-package/-/each-package-0.4.4.tgz"
  "version" "0.4.4"
  dependencies:
    "cross-spawn-cb" "^0.6.14"
    "es6-promise" "^4.2.8"
    "exit" "^0.1.2"
    "fs-iterator" "^4.1.1"
    "getopts-compat" "^2.2.5"
    "just-extend" "^6.0.1"

"es6-promise@^4.2.8":
  "integrity" "sha512-HJDGx5daxeIvxdBxvG2cb9g4tEvwIk3i8+nhX0yGrYmZUzbkdg8QbDevheDB8gd0//uPj4c1EQua8Q+MViT0/w=="
  "resolved" "https://registry.npmjs.org/es6-promise/-/es6-promise-4.2.8.tgz"
  "version" "4.2.8"

"exit@^0.1.2":
  "integrity" "sha512-Zk/eNKV2zbjpKzrsQ+n1G6poVbErQxJ0LBOJXaKZ1EViLzH+hrLu9cdXI4zw9dBQJslwBEpbQ2P1oS7nDxs6jQ=="
  "resolved" "https://registry.npmjs.org/exit/-/exit-0.1.2.tgz"
  "version" "0.1.2"

"fifo@^2.4.1":
  "integrity" "sha512-XTbUCNmo54Jav0hcL6VxDuY4x1eCQH61HEF80C2Oww283pfjQ2C8avZeyq4v43sW2S2403kmzssE9j4lbF66Sg=="
  "resolved" "https://registry.npmjs.org/fifo/-/fifo-2.4.1.tgz"
  "version" "2.4.1"

"fs-iterator@^4.1.1":
  "integrity" "sha512-OGs+RfryD8dOmMq5GgKhZxSNWqV9ktL/v2ZHzGW6h2/bWOzyqoiNv9QB6QfvTS0i+UGC+ASnhXmCUo0IX1qs9Q=="
  "resolved" "https://registry.npmjs.org/fs-iterator/-/fs-iterator-4.1.1.tgz"
  "version" "4.1.1"
  dependencies:
    "async-compat" "^1.4.6"
    "fifo" "^2.4.1"
    "fs.realpath" "^1.0.0"
    "inherits" "^2.0.4"
    "stack-base-iterator" "^0.1.7"

"fs.realpath@^1.0.0":
  "integrity" "sha512-OO0pH2lK6a0hZnAdau5ItzHPI6pUlvI7jMVnxUQRtw4owF2wk8lOSabtGDCTP4Ggrg2MbGnWO9X8K1t4+fGMDw=="
  "resolved" "https://registry.npmjs.org/fs.realpath/-/fs.realpath-1.0.0.tgz"
  "version" "1.0.0"

"function-exec-sync@^0.2.9":
  "integrity" "sha512-L69o9xCCoUv4du75Y1CIkelTJcQ+s2FfzJiLDA+J0BF/HnOlIWWUYyG1c5nw9wN1UBJLK6o0t00Qk/JDHL3mvA=="
  "resolved" "https://registry.npmjs.org/function-exec-sync/-/function-exec-sync-0.2.10.tgz"
  "version" "0.2.10"
  dependencies:
    "async-compat" "^1.4.7"
    "core-js" "^3.24.1"
    "mkdirp" "^0.5.6"
    "os-shim" "^0.1.3"
    "serialize-javascript" "^6.0.0"
    "short-hash" "^1.0.0"
    "temp-suffix" "^0.1.1"
    "thread-sleep-compat" "^0.1.1"

"getopts-compat@^2.2.5":
  "integrity" "sha512-HWMB5XZFmV1BjhGwGVThOwNFFUHmdUF5JhAG8sNHhpfvmTaWuP/eUM0JITfw9MI4icvZGjhYHEG0vsYCK1Ib4g=="
  "resolved" "https://registry.npmjs.org/getopts-compat/-/getopts-compat-2.2.5.tgz"
  "version" "2.2.5"

"hash-string@^1.0.0":
  "integrity" "sha512-dtNNyxXobzHavayZwOwRWhBTqS9GX4jDjIMsGc0fDyaN2A+4zMn5Ua9ODDCggN6w3Spma6mAHL3ImmW3BkWDmQ=="
  "resolved" "https://registry.npmjs.org/hash-string/-/hash-string-1.0.0.tgz"
  "version" "1.0.0"

"imurmurhash@^0.1.4":
  "integrity" "sha512-JmXMZ6wuvDmLiHEml9ykzqO6lwFbof0GG4IkcGaENdCRDDmMVnny7s5HsIgHCbaq0w2MyPhDqkhTUgS2LU2PHA=="
  "resolved" "https://registry.npmjs.org/imurmurhash/-/imurmurhash-0.1.4.tgz"
  "version" "0.1.4"

"inherits@^2.0.4":
  "integrity" "sha512-k/vGaX4/Yla3WzyMCvTQOXYeIHvqOKtnqBduzTHpzpQZzAskKMhZ2K+EnBiSM9zGSoIFeMpXKxa4dYeZIQqewQ=="
  "resolved" "https://registry.npmjs.org/inherits/-/inherits-2.0.4.tgz"
  "version" "2.0.4"

"is-error@^2.2.2":
  "integrity" "sha512-IOQqts/aHWbiisY5DuPJQ0gcbvaLFCa7fBa9xoLfxBZvQ+ZI/Zh9xoI7Gk+G64N0FdK4AbibytHht2tWgpJWLg=="
  "resolved" "https://registry.npmjs.org/is-error/-/is-error-2.2.2.tgz"
  "version" "2.2.2"

"is-promise@^4.0.0":
  "integrity" "sha512-hvpoI6korhJMnej285dSg6nu1+e6uxs7zG3BYAm5byqDsgJNWwxzM6z6iZiAgQR4TJ30JmBTOwqZUw3WlyH3AQ=="
  "resolved" "https://registry.npmjs.org/is-promise/-/is-promise-4.0.0.tgz"
  "version" "4.0.0"

"isexe@^2.0.0":
  "integrity" "sha512-RHxMLp9lnKHGHRng9QFhRCMbYAcVpn69smSGcq3f36xjgVVWThj4qqLbTLlq7Ssj8B+fIQ1EuCEGI2lKsyQeIw=="
  "resolved" "https://registry.npmjs.org/isexe/-/isexe-2.0.0.tgz"
  "version" "2.0.0"

"iterator-next-callback@^1.1.2":
  "integrity" "sha512-MZuFufT6WD9+wFuguBf0UeytnXQuYyfGx9nOFmHbV6NVQEXbZHuDb9h0vgBuPYHMBJKgDKvM1YBsl7rrj1pY7g=="
  "resolved" "https://registry.npmjs.org/iterator-next-callback/-/iterator-next-callback-1.1.4.tgz"
  "version" "1.1.4"
  dependencies:
    "is-promise" "^4.0.0"

"just-extend@^6.0.1":
  "integrity" "sha512-cYofQu2Xpom82S6qD778jBDpwvvy39s1l/hrYij2u9AMdQcGRpaBu6kY4mVhuno5kJVi1DAz4aiphA2WI1/OAw=="
  "resolved" "https://registry.npmjs.org/just-extend/-/just-extend-6.2.0.tgz"
  "version" "6.2.0"

"maximize-iterator@^2.6.5":
  "integrity" "sha512-VQ9dUjNy0Dgb81tCy5Ompkdx/edWvtS/D6XG4pQ050NWNduwtd3oB9swDTbCqOZ2Sj9xMjQK3/P4veR99N421Q=="
  "resolved" "https://registry.npmjs.org/maximize-iterator/-/maximize-iterator-2.6.6.tgz"
  "version" "2.6.6"
  dependencies:
    "async-compat" "^1.4.6"
    "is-error" "^2.2.2"
    "iterator-next-callback" "^1.1.2"

"minimist@^1.2.6":
  "integrity" "sha512-2yyAR8qBkN3YuheJanUpWC5U3bb5osDywNB8RzDVlDwDHbocAJveqqj1u8+SVD7jkWT4yvsHCpWqqWqAxb0zCA=="
  "resolved" "https://registry.npmjs.org/minimist/-/minimist-1.2.8.tgz"
  "version" "1.2.8"

"mkdirp@^0.5.6":
  "integrity" "sha512-FP+p8RB8OWpF3YZBCrP5gtADmtXApB5AMLn+vdyA+PyxCjrCs00mjyUozssO33cwDeT3wNGdLxJ5M//YqtHAJw=="
  "resolved" "https://registry.npmjs.org/mkdirp/-/mkdirp-0.5.6.tgz"
  "version" "0.5.6"
  dependencies:
    "minimist" "^1.2.6"

"nan@^2.16.0":
  "integrity" "sha512-2ZTgtl0nJsO0KQCjEpxcIr5D+Yv90plTitZt9JBfQvVJDS5seMl3FOvsh3+9CoYWXf/1l5OaZzzF6nDm4cagaQ=="
  "resolved" "https://registry.npmjs.org/nan/-/nan-2.17.0.tgz"
  "version" "2.17.0"

"next-tick@^1.1.0":
  "integrity" "sha512-CXdUiJembsNjuToQvxayPZF9Vqht7hewsvy2sOWafLvi2awflj9mOC6bHIg50orX8IJvWKY9wYQ/zB2kogPslQ=="
  "resolved" "https://registry.npmjs.org/next-tick/-/next-tick-1.1.0.tgz"
  "version" "1.1.0"

"node-abi@2.30.1":
  "integrity" "sha512-/2D0wOQPgaUWzVSVgRMx+trKJRC2UG4SUc4oCJoXx9Uxjtp0Vy3/kt7zcbxHF8+Z/pK3UloLWzBISg72brfy1w=="
  "resolved" "https://registry.npmjs.org/node-abi/-/node-abi-2.30.1.tgz"
  "version" "2.30.1"
  dependencies:
    "semver" "^5.4.1"

"once@^1.4.0":
  "integrity" "sha512-lNaJgI+2Q5URQBkccEKHTQOPaXdUxnZZElQTZY0MFUAuaEqe1E+Nyvgdz/aIyNi6Z9MzO5dv1H8n58/GELp3+w=="
  "resolved" "https://registry.npmjs.org/once/-/once-1.4.0.tgz"
  "version" "1.4.0"
  dependencies:
    "wrappy" "1"

"os-shim@^0.1.3":
  "integrity" "sha512-jd0cvB8qQ5uVt0lvCIexBaROw1KyKm5sbulg2fWOHjETisuCzWyt+eTZKEMs8v6HwzoGs8xik26jg7eCM6pS+A=="
  "resolved" "https://registry.npmjs.org/os-shim/-/os-shim-0.1.3.tgz"
  "version" "0.1.3"

"path-key@^3.1.0":
  "integrity" "sha512-ojmeN0qd+y0jszEtoY48r0Peq5dwMEkIlCOu6Q5f41lfkswXuKtYrhgoTpLnyIcHm24Uhqx+5Tqm2InSwLhE6Q=="
  "resolved" "https://registry.npmjs.org/path-key/-/path-key-3.1.1.tgz"
  "version" "3.1.1"

"randombytes@^2.1.0":
  "integrity" "sha512-vYl3iOX+4CKUWuxGi9Ukhie6fsqXqS9FE2Zaic4tNFD2N2QQaXOMFbuKK4QmDHC0JO6B1Zp41J0LpT0oR68amQ=="
  "resolved" "https://registry.npmjs.org/randombytes/-/randombytes-2.1.0.tgz"
  "version" "2.1.0"
  dependencies:
    "safe-buffer" "^5.1.0"

"safe-buffer@^5.1.0":
  "integrity" "sha512-rp3So07KcdmmKbGvgaNxQSJr7bGVSVk5S9Eq1F+ppbRo70+YeaDxkw5Dd8NPN+GD6bjnYm2VuPuCXmpuYvmCXQ=="
  "resolved" "https://registry.npmjs.org/safe-buffer/-/safe-buffer-5.2.1.tgz"
  "version" "5.2.1"

"semver@^5.4.1", "semver@^5.7.1":
  "integrity" "sha512-sauaDf/PZdVgrLTNYHRtpXa1iRiKcaebiKQ1BJdpQlWH2lCvexQdX55snPFyK7QzpudqbCI0qXFfOasHdyNDGQ=="
  "resolved" "https://registry.npmjs.org/semver/-/semver-5.7.1.tgz"
  "version" "5.7.1"

"serialize-javascript@^6.0.0":
  "integrity" "sha512-owoXEFjWRllis8/M1Q+Cw5k8ZH40e3zhp/ovX+Xr/vi1qj6QesbyXXViFbpNvWvPNAD62SutwEXavefrLJWj7w=="
  "resolved" "https://registry.npmjs.org/serialize-javascript/-/serialize-javascript-6.0.1.tgz"
  "version" "6.0.1"
  dependencies:
    "randombytes" "^2.1.0"

"shebang-command@^2.0.0":
  "integrity" "sha512-kHxr2zZpYtdmrN1qDjrrX/Z1rR1kG8Dx+gkpK1G4eXmvXswmcE1hTWBWYUzlraYw1/yZp6YuDY77YtvbN0dmDA=="
  "resolved" "https://registry.npmjs.org/shebang-command/-/shebang-command-2.0.0.tgz"
  "version" "2.0.0"
  dependencies:
    "shebang-regex" "^3.0.0"

"shebang-regex@^3.0.0":
  "integrity" "sha512-7++dFhtcx3353uBaq8DDR4NuxBetBzC7ZQOhmTQInHEd6bSrXdiEyzCvG07Z44UYdLShWUyXt5M/yhz8ekcb1A=="
  "resolved" "https://registry.npmjs.org/shebang-regex/-/shebang-regex-3.0.0.tgz"
  "version" "3.0.0"

"short-hash@^1.0.0":
  "integrity" "sha512-qbUCD2Pkl4IXRyVqneEjGnUr0NGDGLzZnBUVGJngIQZf/FrhOL0yJhH+JQzak0t8xMmScIKpoX1SxOsPHdwa4w=="
  "resolved" "https://registry.npmjs.org/short-hash/-/short-hash-1.0.0.tgz"
  "version" "1.0.0"
  dependencies:
    "hash-string" "^1.0.0"

"stack-base-iterator@^0.1.7":
  "integrity" "sha512-WxRdQrTzR3xOXFbzLuiVx12+xsmCbIvFsvIHUWvbY0096nc2qtFL0I9MjCzP03aVlnuSq+Svo3GOo4LLUS5xIA=="
  "resolved" "https://registry.npmjs.org/stack-base-iterator/-/stack-base-iterator-0.1.7.tgz"
  "version" "0.1.7"
  dependencies:
    "async-compat" "^1.4.6"
    "fifo" "^2.4.1"
    "inherits" "^2.0.4"
    "just-extend" "^6.0.1"
    "maximize-iterator" "^2.6.5"
    "once" "^1.4.0"

"temp-suffix@^0.1.1":
  "integrity" "sha512-wcluXJ6A8HhyhEOOTXHPKV9TRTcL7vwmnfrWTZn7c7zrFp16trP1lfpsxaKN52pToFNByQ+y3zsJC8JlDAaKrg=="
  "resolved" "https://registry.npmjs.org/temp-suffix/-/temp-suffix-0.1.1.tgz"
  "version" "0.1.1"
  dependencies:
    "imurmurhash" "^0.1.4"

"thread-sleep-compat@^0.1.1":
  "integrity" "sha512-9dgDVfBa+cpC1j//PtDD8PuG9wKk3Pq1uXnjztdjEr9iq/BbJ+kExLhzIxEEI3v9Cd9qeLXPrd1o3gCAdr27Yg=="
  "resolved" "https://registry.npmjs.org/thread-sleep-compat/-/thread-sleep-compat-0.1.1.tgz"
  "version" "0.1.1"
  dependencies:
    "nan" "^2.16.0"
    "node-abi" "2.30.1"
    "semver" "^5.7.1"
    "thread-sleep" "^2.2.0"

"thread-sleep@^2.2.0":
  "integrity" "sha512-C3zZbh9fL7c/+N8mFZ82+uK+dj0q6bSUORwhSe4icwd0xERndhB+ldw4JdejGC3Cbn1DRXlLJ/w859CQdvYV9w=="
  "resolved" "https://registry.npmjs.org/thread-sleep/-/thread-sleep-2.2.0.tgz"
  "version" "2.2.0"

"which@^2.0.1":
  "integrity" "sha512-BLI3Tl1TW3Pvl70l3yq3Y64i+awpwXqsGBYWkkqMtnbXgrMD+yj7rhW0kuEDxzJaYXGjEW5ogapKNMEKNMjibA=="
  "resolved" "https://registry.npmjs.org/which/-/which-2.0.2.tgz"
  "version" "2.0.2"
  dependencies:
    "isexe" "^2.0.0"

"wrappy@1":
  "integrity" "sha512-l4Sp/DRseor9wL6EvV2+TuQn63dMkPjZ/sp9XkghTEbV9KlPS1xUsZ3u7/IQO4wxtcFB4bgpQPRcR3QCvezPcQ=="
  "resolved" "https://registry.npmjs.org/wrappy/-/wrappy-1.0.2.tgz"
  "version" "1.0.2"
